
Microsoft Visual Studio Solution File, Format Version 12.00
# Visual Studio Version 17
VisualStudioVersion = 17.0.31903.59
MinimumVisualStudioVersion = 10.0.40219.1
Project("{2150E333-8FDC-42A3-9474-1A3956D46DE8}") = "contracts", "contracts", "{A73F2606-6D4C-3EEE-1759-0E59DCFEF523}"
EndProject
Project("{FAE04EC0-301F-11D3-BF4B-00C04F79EFBC}") = "App.Ecs", "contracts\App.Ecs\App.Ecs.csproj", "{AF14593F-6D71-4249-BDB2-1D3175B31D3A}"
EndProject
Project("{FAE04EC0-301F-11D3-BF4B-00C04F79EFBC}") = "App.Resource", "contracts\App.Resource\App.Resource.csproj", "{E0B2793E-12DC-4BDD-BCE7-3500DE71CCF7}"
EndProject
Project("{FAE04EC0-301F-11D3-BF4B-00C04F79EFBC}") = "App.SceneFlow", "contracts\App.SceneFlow\App.SceneFlow.csproj", "{C7E18CA0-4F9F-4FD8-9706-52B0B1A6CF63}"
EndProject
Project("{FAE04EC0-301F-11D3-BF4B-00C04F79EFBC}") = "App.Ui", "contracts\App.Ui\App.Ui.csproj", "{B800452A-845F-45A7-B73C-D351E4AFF9EB}"
EndProject
Project("{2150E333-8FDC-42A3-9474-1A3956D46DE8}") = "hosts", "hosts", "{2F3EF1A3-B2B0-B28C-122D-FFB85167A4CE}"
EndProject
Project("{FAE04EC0-301F-11D3-BF4B-00C04F79EFBC}") = "complete-app", "hosts\complete-app\complete-app.csproj", "{B3D6E8B1-D4DC-483F-801D-DC9DAFC4739B}"
EndProject
Project("{2150E333-8FDC-42A3-9474-1A3956D46DE8}") = "plugins", "plugins", "{07D57EEB-2F50-60C4-C011-FE4FA775C9A8}"
EndProject
Project("{FAE04EC0-301F-11D3-BF4B-00C04F79EFBC}") = "App.Common", "plugins\App.Common\App.Common.csproj", "{CB57B017-C257-4A4C-AAF5-0A108850C623}"
EndProject
Project("{FAE04EC0-301F-11D3-BF4B-00C04F79EFBC}") = "App.Ecs", "plugins\App.Ecs\App.Ecs.csproj", "{E143131F-4D98-42CD-82CF-8085F3DD5708}"
EndProject
Project("{FAE04EC0-301F-11D3-BF4B-00C04F79EFBC}") = "App.Resource.Bundle.Seam", "plugins\App.Resource.Bundle.Seam\App.Resource.Bundle.Seam.csproj", "{35CB66F6-7676-49C6-BCE3-CB404EFB4946}"
EndProject
Project("{FAE04EC0-301F-11D3-BF4B-00C04F79EFBC}") = "App.Resource", "plugins\App.Resource\App.Resource.csproj", "{D9B8F0D9-DEA1-4062-A7E9-98534C16EAE4}"
EndProject
Project("{FAE04EC0-301F-11D3-BF4B-00C04F79EFBC}") = "App.SceneFlow", "plugins\App.SceneFlow\App.SceneFlow.csproj", "{5AF606B2-F7CD-44B4-8724-CAB55D4ABAEF}"
EndProject
Project("{FAE04EC0-301F-11D3-BF4B-00C04F79EFBC}") = "App.Ui.Seam", "plugins\App.Ui.Seam\App.Ui.Seam.csproj", "{E41D7138-0778-4C5C-B84D-EB66B4B0EC7A}"
EndProject
Project("{FAE04EC0-301F-11D3-BF4B-00C04F79EFBC}") = "App.Ui", "plugins\App.Ui\App.Ui.csproj", "{695C6211-DA87-4A62-A3C9-A494959B9630}"
EndProject
Project("{2150E333-8FDC-42A3-9474-1A3956D46DE8}") = "tests", "tests", "{0AB3BF05-4346-4AA6-1389-037BE0695223}"
EndProject
Project("{FAE04EC0-301F-11D3-BF4B-00C04F79EFBC}") = "App.Ecs.Tests", "tests\App.Ecs.Tests\App.Ecs.Tests.csproj", "{99CA63B0-D90E-423E-AF88-B9DAE3C3B07B}"
EndProject
Project("{FAE04EC0-301F-11D3-BF4B-00C04F79EFBC}") = "App.Resource.Tests", "tests\App.Resource.Tests\App.Resource.Tests.csproj", "{6F7ABE39-29E9-43A1-9B33-AF7AF363465B}"
EndProject
Project("{FAE04EC0-301F-11D3-BF4B-00C04F79EFBC}") = "App.SceneFlow.Tests", "tests\App.SceneFlow.Tests\App.SceneFlow.Tests.csproj", "{299BB32E-9C73-49E8-9E11-3FBC4C1D0E13}"
EndProject
Project("{FAE04EC0-301F-11D3-BF4B-00C04F79EFBC}") = "App.Ui.Tests", "tests\App.Ui.Tests\App.Ui.Tests.csproj", "{05FB42E1-98AA-4629-8A93-96091207B530}"
EndProject
Project("{FAE04EC0-301F-11D3-BF4B-00C04F79EFBC}") = "App.Command", "contracts\App.Command\App.Command.csproj", "{91245F0C-16FC-4E54-8C8B-4B01DD65B5EF}"
EndProject
Project("{FAE04EC0-301F-11D3-BF4B-00C04F79EFBC}") = "App.World", "contracts\App.World\App.World.csproj", "{06B1FFF5-CEB1-499B-AE79-B3C59C35271D}"
EndProject
Project("{FAE04EC0-301F-11D3-BF4B-00C04F79EFBC}") = "App.World", "plugins\App.World\App.World.csproj", "{1B4CB93E-48F9-486D-B1F5-A8D69E55B0FF}"
EndProject
Project("{FAE04EC0-301F-11D3-BF4B-00C04F79EFBC}") = "App.World.FieldView", "plugins\App.World.FieldView\App.World.FieldView.csproj", "{E77B9F2D-AA84-4DB8-BC1F-4DA762FC144C}"
EndProject
Project("{FAE04EC0-301F-11D3-BF4B-00C04F79EFBC}") = "App.World.Tests", "tests\App.World.Tests\App.World.Tests.csproj", "{2052631E-26AF-4DFF-A707-BAC248ACA36A}"
EndProject
Project("{FAE04EC0-301F-11D3-BF4B-00C04F79EFBC}") = "App.World.FieldView.Tests", "tests\App.World.FieldView.Tests\App.World.FieldView.Tests.csproj", "{4A142199-78C6-40BC-9730-F17A8FE68AC1}"
EndProject
Project("{FAE04EC0-301F-11D3-BF4B-00C04F79EFBC}") = "App.Command", "plugins\App.Command\App.Command.csproj", "{62190CC1-16B7-4EB9-850F-A88380B11D90}"
EndProject
Project("{FAE04EC0-301F-11D3-BF4B-00C04F79EFBC}") = "App.Command.Tests", "tests\App.Command.Tests\App.Command.Tests.csproj", "{4AFA2671-305B-4DB0-979E-523C674FB7F2}"
EndProject
Project("{FAE04EC0-301F-11D3-BF4B-00C04F79EFBC}") = "App.Stage", "plugins\App.Stage\App.Stage.csproj", "{D9FE4F82-D36F-4F7C-BEBC-24AFFAA5BCD1}"
EndProject
Project("{FAE04EC0-301F-11D3-BF4B-00C04F79EFBC}") = "App.Assist", "plugins\App.Assist\App.Assist.csproj", "{5F73972A-7B97-4DBB-83D7-8EB7BBC92A73}"
EndProject
Project("{FAE04EC0-301F-11D3-BF4B-00C04F79EFBC}") = "App.NodeGraph", "contracts\App.NodeGraph\App.NodeGraph.csproj", "{D470B651-B1D4-4314-83D8-7944079DA534}"
EndProject
Project("{FAE04EC0-301F-11D3-BF4B-00C04F79EFBC}") = "App.Ui.NodeGraph", "plugins\App.Ui.NodeGraph\App.Ui.NodeGraph.csproj", "{C9E39B1B-D923-44E1-9CE7-C42C95461786}"
EndProject
Project("{FAE04EC0-301F-11D3-BF4B-00C04F79EFBC}") = "App.Iii", "plugins\App.Iii\App.Iii.csproj", "{216A7585-D16B-404A-97BC-3B958B2717D1}"
EndProject
Project("{FAE04EC0-301F-11D3-BF4B-00C04F79EFBC}") = "App.Iii.Seam", "plugins\App.Iii.Seam\App.Iii.Seam.csproj", "{34128DC8-916D-4168-974C-552964F84BB8}"
EndProject
Project("{FAE04EC0-301F-11D3-BF4B-00C04F79EFBC}") = "App.NodeGraph.Tests", "tests\App.NodeGraph.Tests\App.NodeGraph.Tests.csproj", "{499B6B89-36A5-472B-BD92-2CC3CF0A7065}"
EndProject
Project("{FAE04EC0-301F-11D3-BF4B-00C04F79EFBC}") = "App.World.Seam", "plugins\App.World.Seam\App.World.Seam.csproj", "{5F55B841-8478-4F58-8326-7BD314D86BA1}"
EndProject
Project("{FAE04EC0-301F-11D3-BF4B-00C04F79EFBC}") = "App.GpuCompute", "contracts\App.GpuCompute\App.GpuCompute.csproj", "{49ACF88F-EC1D-4793-9136-E32A6EA63BC9}"
EndProject
Project("{FAE04EC0-301F-11D3-BF4B-00C04F79EFBC}") = "App.GpuCompute", "plugins\App.GpuCompute\App.GpuCompute.csproj", "{7B2E0F3A-9C41-4D8E-A6B7-1F5C2D9E84A0}"
EndProject
Project("{FAE04EC0-301F-11D3-BF4B-00C04F79EFBC}") = "App.GpuCompute.Seam", "plugins\App.GpuCompute.Seam\App.GpuCompute.Seam.csproj", "{09E19B6B-D6FA-4FF8-B81D-4C266CE9DF2C}"
EndProject
Project("{FAE04EC0-301F-11D3-BF4B-00C04F79EFBC}") = "App.GpuCompute.Tests", "tests\App.GpuCompute.Tests\App.GpuCompute.Tests.csproj", "{CC8FDEFE-03D0-44E2-A542-B0AFFBC11029}"
EndProject
Project("{FAE04EC0-301F-11D3-BF4B-00C04F79EFBC}") = "App.GpuShader", "contracts\App.GpuShader\App.GpuShader.csproj", "{69B6E386-353D-4893-995C-0CE4A97755C0}"
EndProject
Project("{FAE04EC0-301F-11D3-BF4B-00C04F79EFBC}") = "App.GpuShader", "plugins\App.GpuShader\App.GpuShader.csproj", "{80079465-8904-427F-BAB0-76EA3876933A}"
EndProject
Project("{FAE04EC0-301F-11D3-BF4B-00C04F79EFBC}") = "App.GpuShader.Seam", "plugins\App.GpuShader.Seam\App.GpuShader.Seam.csproj", "{42D649F4-B4C8-4432-BF5A-89D470E6A3D9}"
EndProject
Project("{FAE04EC0-301F-11D3-BF4B-00C04F79EFBC}") = "App.GpuShader.Tests", "tests\App.GpuShader.Tests\App.GpuShader.Tests.csproj", "{8930A72B-28F0-43DD-AD73-5708401A27D6}"
EndProject
Global
	GlobalSection(SolutionConfigurationPlatforms) = preSolution
		Debug|Any CPU = Debug|Any CPU
		Debug|x64 = Debug|x64
		Debug|x86 = Debug|x86
		Release|Any CPU = Release|Any CPU
		Release|x64 = Release|x64
		Release|x86 = Release|x86
	EndGlobalSection
	GlobalSection(ProjectConfigurationPlatforms) = postSolution
		{AF14593F-6D71-4249-BDB2-1D3175B31D3A}.Debug|Any CPU.ActiveCfg = Debug|Any CPU
		{AF14593F-6D71-4249-BDB2-1D3175B31D3A}.Debug|Any CPU.Build.0 = Debug|Any CPU
		{AF14593F-6D71-4249-BDB2-1D3175B31D3A}.Debug|x64.ActiveCfg = Debug|Any CPU
		{AF14593F-6D71-4249-BDB2-1D3175B31D3A}.Debug|x64.Build.0 = Debug|Any CPU
		{AF14593F-6D71-4249-BDB2-1D3175B31D3A}.Debug|x86.ActiveCfg = Debug|Any CPU
		{AF14593F-6D71-4249-BDB2-1D3175B31D3A}.Debug|x86.Build.0 = Debug|Any CPU
		{AF14593F-6D71-4249-BDB2-1D3175B31D3A}.Release|Any CPU.ActiveCfg = Release|Any CPU
		{AF14593F-6D71-4249-BDB2-1D3175B31D3A}.Release|Any CPU.Build.0 = Release|Any CPU
		{AF14593F-6D71-4249-BDB2-1D3175B31D3A}.Release|x64.ActiveCfg = Release|Any CPU
		{AF14593F-6D71-4249-BDB2-1D3175B31D3A}.Release|x64.Build.0 = Release|Any CPU
		{AF14593F-6D71-4249-BDB2-1D3175B31D3A}.Release|x86.ActiveCfg = Release|Any CPU
		{AF14593F-6D71-4249-BDB2-1D3175B31D3A}.Release|x86.Build.0 = Release|Any CPU
		{E0B2793E-12DC-4BDD-BCE7-3500DE71CCF7}.Debug|Any CPU.ActiveCfg = Debug|Any CPU
		{E0B2793E-12DC-4BDD-BCE7-3500DE71CCF7}.Debug|Any CPU.Build.0 = Debug|Any CPU
		{E0B2793E-12DC-4BDD-BCE7-3500DE71CCF7}.Debug|x64.ActiveCfg = Debug|Any CPU
		{E0B2793E-12DC-4BDD-BCE7-3500DE71CCF7}.Debug|x64.Build.0 = Debug|Any CPU
		{E0B2793E-12DC-4BDD-BCE7-3500DE71CCF7}.Debug|x86.ActiveCfg = Debug|Any CPU
		{E0B2793E-12DC-4BDD-BCE7-3500DE71CCF7}.Debug|x86.Build.0 = Debug|Any CPU
		{E0B2793E-12DC-4BDD-BCE7-3500DE71CCF7}.Release|Any CPU.ActiveCfg = Release|Any CPU
		{E0B2793E-12DC-4BDD-BCE7-3500DE71CCF7}.Release|Any CPU.Build.0 = Release|Any CPU
		{E0B2793E-12DC-4BDD-BCE7-3500DE71CCF7}.Release|x64.ActiveCfg = Release|Any CPU
		{E0B2793E-12DC-4BDD-BCE7-3500DE71CCF7}.Release|x64.Build.0 = Release|Any CPU
		{E0B2793E-12DC-4BDD-BCE7-3500DE71CCF7}.Release|x86.ActiveCfg = Release|Any CPU
		{E0B2793E-12DC-4BDD-BCE7-3500DE71CCF7}.Release|x86.Build.0 = Release|Any CPU
		{C7E18CA0-4F9F-4FD8-9706-52B0B1A6CF63}.Debug|Any CPU.ActiveCfg = Debug|Any CPU
		{C7E18CA0-4F9F-4FD8-9706-52B0B1A6CF63}.Debug|Any CPU.Build.0 = Debug|Any CPU
		{C7E18CA0-4F9F-4FD8-9706-52B0B1A6CF63}.Debug|x64.ActiveCfg = Debug|Any CPU
		{C7E18CA0-4F9F-4FD8-9706-52B0B1A6CF63}.Debug|x64.Build.0 = Debug|Any CPU
		{C7E18CA0-4F9F-4FD8-9706-52B0B1A6CF63}.Debug|x86.ActiveCfg = Debug|Any CPU
		{C7E18CA0-4F9F-4FD8-9706-52B0B1A6CF63}.Debug|x86.Build.0 = Debug|Any CPU
		{C7E18CA0-4F9F-4FD8-9706-52B0B1A6CF63}.Release|Any CPU.ActiveCfg = Release|Any CPU
		{C7E18CA0-4F9F-4FD8-9706-52B0B1A6CF63}.Release|Any CPU.Build.0 = Release|Any CPU
		{C7E18CA0-4F9F-4FD8-9706-52B0B1A6CF63}.Release|x64.ActiveCfg = Release|Any CPU
		{C7E18CA0-4F9F-4FD8-9706-52B0B1A6CF63}.Release|x64.Build.0 = Release|Any CPU
		{C7E18CA0-4F9F-4FD8-9706-52B0B1A6CF63}.Release|x86.ActiveCfg = Release|Any CPU
		{C7E18CA0-4F9F-4FD8-9706-52B0B1A6CF63}.Release|x86.Build.0 = Release|Any CPU
		{B800452A-845F-45A7-B73C-D351E4AFF9EB}.Debug|Any CPU.ActiveCfg = Debug|Any CPU
		{B800452A-845F-45A7-B73C-D351E4AFF9EB}.Debug|Any CPU.Build.0 = Debug|Any CPU
		{B800452A-845F-45A7-B73C-D351E4AFF9EB}.Debug|x64.ActiveCfg = Debug|Any CPU
		{B800452A-845F-45A7-B73C-D351E4AFF9EB}.Debug|x64.Build.0 = Debug|Any CPU
		{B800452A-845F-45A7-B73C-D351E4AFF9EB}.Debug|x86.ActiveCfg = Debug|Any CPU
		{B800452A-845F-45A7-B73C-D351E4AFF9EB}.Debug|x86.Build.0 = Debug|Any CPU
		{B800452A-845F-45A7-B73C-D351E4AFF9EB}.Release|Any CPU.ActiveCfg = Release|Any CPU
		{B800452A-845F-45A7-B73C-D351E4AFF9EB}.Release|Any CPU.Build.0 = Release|Any CPU
		{B800452A-845F-45A7-B73C-D351E4AFF9EB}.Release|x64.ActiveCfg = Release|Any CPU
		{B800452A-845F-45A7-B73C-D351E4AFF9EB}.Release|x64.Build.0 = Release|Any CPU
		{B800452A-845F-45A7-B73C-D351E4AFF9EB}.Release|x86.ActiveCfg = Release|Any CPU
		{B800452A-845F-45A7-B73C-D351E4AFF9EB}.Release|x86.Build.0 = Release|Any CPU
		{B3D6E8B1-D4DC-483F-801D-DC9DAFC4739B}.Debug|Any CPU.ActiveCfg = Debug|Any CPU
		{B3D6E8B1-D4DC-483F-801D-DC9DAFC4739B}.Debug|Any CPU.Build.0 = Debug|Any CPU
		{B3D6E8B1-D4DC-483F-801D-DC9DAFC4739B}.Debug|x64.ActiveCfg = Debug|Any CPU
		{B3D6E8B1-D4DC-483F-801D-DC9DAFC4739B}.Debug|x64.Build.0 = Debug|Any CPU
		{B3D6E8B1-D4DC-483F-801D-DC9DAFC4739B}.Debug|x86.ActiveCfg = Debug|Any CPU
		{B3D6E8B1-D4DC-483F-801D-DC9DAFC4739B}.Debug|x86.Build.0 = Debug|Any CPU
		{B3D6E8B1-D4DC-483F-801D-DC9DAFC4739B}.Release|Any CPU.ActiveCfg = Debug|Any CPU
		{B3D6E8B1-D4DC-483F-801D-DC9DAFC4739B}.Release|Any CPU.Build.0 = Debug|Any CPU
		{B3D6E8B1-D4DC-483F-801D-DC9DAFC4739B}.Release|x64.ActiveCfg = Debug|Any CPU
		{B3D6E8B1-D4DC-483F-801D-DC9DAFC4739B}.Release|x64.Build.0 = Debug|Any CPU
		{B3D6E8B1-D4DC-483F-801D-DC9DAFC4739B}.Release|x86.ActiveCfg = Debug|Any CPU
		{B3D6E8B1-D4DC-483F-801D-DC9DAFC4739B}.Release|x86.Build.0 = Debug|Any CPU
		{CB57B017-C257-4A4C-AAF5-0A108850C623}.Debug|Any CPU.ActiveCfg = Debug|Any CPU
		{CB57B017-C257-4A4C-AAF5-0A108850C623}.Debug|Any CPU.Build.0 = Debug|Any CPU
		{CB57B017-C257-4A4C-AAF5-0A108850C623}.Debug|x64.ActiveCfg = Debug|Any CPU
		{CB57B017-C257-4A4C-AAF5-0A108850C623}.Debug|x64.Build.0 = Debug|Any CPU
		{CB57B017-C257-4A4C-AAF5-0A108850C623}.Debug|x86.ActiveCfg = Debug|Any CPU
		{CB57B017-C257-4A4C-AAF5-0A108850C623}.Debug|x86.Build.0 = Debug|Any CPU
		{CB57B017-C257-4A4C-AAF5-0A108850C623}.Release|Any CPU.ActiveCfg = Release|Any CPU
		{CB57B017-C257-4A4C-AAF5-0A108850C623}.Release|Any CPU.Build.0 = Release|Any CPU
		{CB57B017-C257-4A4C-AAF5-0A108850C623}.Release|x64.ActiveCfg = Release|Any CPU
		{CB57B017-C257-4A4C-AAF5-0A108850C623}.Release|x64.Build.0 = Release|Any CPU
		{CB57B017-C257-4A4C-AAF5-0A108850C623}.Release|x86.ActiveCfg = Release|Any CPU
		{CB57B017-C257-4A4C-AAF5-0A108850C623}.Release|x86.Build.0 = Release|Any CPU
		{E143131F-4D98-42CD-82CF-8085F3DD5708}.Debug|Any CPU.ActiveCfg = Debug|Any CPU
		{E143131F-4D98-42CD-82CF-8085F3DD5708}.Debug|Any CPU.Build.0 = Debug|Any CPU
		{E143131F-4D98-42CD-82CF-8085F3DD5708}.Debug|x64.ActiveCfg = Debug|Any CPU
		{E143131F-4D98-42CD-82CF-8085F3DD5708}.Debug|x64.Build.0 = Debug|Any CPU
		{E143131F-4D98-42CD-82CF-8085F3DD5708}.Debug|x86.ActiveCfg = Debug|Any CPU
		{E143131F-4D98-42CD-82CF-8085F3DD5708}.Debug|x86.Build.0 = Debug|Any CPU
		{E143131F-4D98-42CD-82CF-8085F3DD5708}.Release|Any CPU.ActiveCfg = Release|Any CPU
		{E143131F-4D98-42CD-82CF-8085F3DD5708}.Release|Any CPU.Build.0 = Release|Any CPU
		{E143131F-4D98-42CD-82CF-8085F3DD5708}.Release|x64.ActiveCfg = Release|Any CPU
		{E143131F-4D98-42CD-82CF-8085F3DD5708}.Release|x64.Build.0 = Release|Any CPU
		{E143131F-4D98-42CD-82CF-8085F3DD5708}.Release|x86.ActiveCfg = Release|Any CPU
		{E143131F-4D98-42CD-82CF-8085F3DD5708}.Release|x86.Build.0 = Release|Any CPU
		{35CB66F6-7676-49C6-BCE3-CB404EFB4946}.Debug|Any CPU.ActiveCfg = Debug|Any CPU
		{35CB66F6-7676-49C6-BCE3-CB404EFB4946}.Debug|Any CPU.Build.0 = Debug|Any CPU
		{35CB66F6-7676-49C6-BCE3-CB404EFB4946}.Debug|x64.ActiveCfg = Debug|Any CPU
		{35CB66F6-7676-49C6-BCE3-CB404EFB4946}.Debug|x64.Build.0 = Debug|Any CPU
		{35CB66F6-7676-49C6-BCE3-CB404EFB4946}.Debug|x86.ActiveCfg = Debug|Any CPU
		{35CB66F6-7676-49C6-BCE3-CB404EFB4946}.Debug|x86.Build.0 = Debug|Any CPU
		{35CB66F6-7676-49C6-BCE3-CB404EFB4946}.Release|Any CPU.ActiveCfg = Debug|Any CPU
		{35CB66F6-7676-49C6-BCE3-CB404EFB4946}.Release|Any CPU.Build.0 = Debug|Any CPU
		{35CB66F6-7676-49C6-BCE3-CB404EFB4946}.Release|x64.ActiveCfg = Debug|Any CPU
		{35CB66F6-7676-49C6-BCE3-CB404EFB4946}.Release|x64.Build.0 = Debug|Any CPU
		{35CB66F6-7676-49C6-BCE3-CB404EFB4946}.Release|x86.ActiveCfg = Debug|Any CPU
		{35CB66F6-7676-49C6-BCE3-CB404EFB4946}.Release|x86.Build.0 = Debug|Any CPU
		{D9B8F0D9-DEA1-4062-A7E9-98534C16EAE4}.Debug|Any CPU.ActiveCfg = Debug|Any CPU
		{D9B8F0D9-DEA1-4062-A7E9-98534C16EAE4}.Debug|Any CPU.Build.0 = Debug|Any CPU
		{D9B8F0D9-DEA1-4062-A7E9-98534C16EAE4}.Debug|x64.ActiveCfg = Debug|Any CPU
		{D9B8F0D9-DEA1-4062-A7E9-98534C16EAE4}.Debug|x64.Build.0 = Debug|Any CPU
		{D9B8F0D9-DEA1-4062-A7E9-98534C16EAE4}.Debug|x86.ActiveCfg = Debug|Any CPU
		{D9B8F0D9-DEA1-4062-A7E9-98534C16EAE4}.Debug|x86.Build.0 = Debug|Any CPU
		{D9B8F0D9-DEA1-4062-A7E9-98534C16EAE4}.Release|Any CPU.ActiveCfg = Release|Any CPU
		{D9B8F0D9-DEA1-4062-A7E9-98534C16EAE4}.Release|Any CPU.Build.0 = Release|Any CPU
		{D9B8F0D9-DEA1-4062-A7E9-98534C16EAE4}.Release|x64.ActiveCfg = Release|Any CPU
		{D9B8F0D9-DEA1-4062-A7E9-98534C16EAE4}.Release|x64.Build.0 = Release|Any CPU
		{D9B8F0D9-DEA1-4062-A7E9-98534C16EAE4}.Release|x86.ActiveCfg = Release|Any CPU
		{D9B8F0D9-DEA1-4062-A7E9-98534C16EAE4}.Release|x86.Build.0 = Release|Any CPU
		{5AF606B2-F7CD-44B4-8724-CAB55D4ABAEF}.Debug|Any CPU.ActiveCfg = Debug|Any CPU
		{5AF606B2-F7CD-44B4-8724-CAB55D4ABAEF}.Debug|Any CPU.Build.0 = Debug|Any CPU
		{5AF606B2-F7CD-44B4-8724-CAB55D4ABAEF}.Debug|x64.ActiveCfg = Debug|Any CPU
		{5AF606B2-F7CD-44B4-8724-CAB55D4ABAEF}.Debug|x64.Build.0 = Debug|Any CPU
		{5AF606B2-F7CD-44B4-8724-CAB55D4ABAEF}.Debug|x86.ActiveCfg = Debug|Any CPU
		{5AF606B2-F7CD-44B4-8724-CAB55D4ABAEF}.Debug|x86.Build.0 = Debug|Any CPU
		{5AF606B2-F7CD-44B4-8724-CAB55D4ABAEF}.Release|Any CPU.ActiveCfg = Release|Any CPU
		{5AF606B2-F7CD-44B4-8724-CAB55D4ABAEF}.Release|Any CPU.Build.0 = Release|Any CPU
		{5AF606B2-F7CD-44B4-8724-CAB55D4ABAEF}.Release|x64.ActiveCfg = Release|Any CPU
		{5AF606B2-F7CD-44B4-8724-CAB55D4ABAEF}.Release|x64.Build.0 = Release|Any CPU
		{5AF606B2-F7CD-44B4-8724-CAB55D4ABAEF}.Release|x86.ActiveCfg = Release|Any CPU
		{5AF606B2-F7CD-44B4-8724-CAB55D4ABAEF}.Release|x86.Build.0 = Release|Any CPU
		{E41D7138-0778-4C5C-B84D-EB66B4B0EC7A}.Debug|Any CPU.ActiveCfg = Debug|Any CPU
		{E41D7138-0778-4C5C-B84D-EB66B4B0EC7A}.Debug|Any CPU.Build.0 = Debug|Any CPU
		{E41D7138-0778-4C5C-B84D-EB66B4B0EC7A}.Debug|x64.ActiveCfg = Debug|Any CPU
		{E41D7138-0778-4C5C-B84D-EB66B4B0EC7A}.Debug|x64.Build.0 = Debug|Any CPU
		{E41D7138-0778-4C5C-B84D-EB66B4B0EC7A}.Debug|x86.ActiveCfg = Debug|Any CPU
		{E41D7138-0778-4C5C-B84D-EB66B4B0EC7A}.Debug|x86.Build.0 = Debug|Any CPU
		{E41D7138-0778-4C5C-B84D-EB66B4B0EC7A}.Release|Any CPU.ActiveCfg = Debug|Any CPU
		{E41D7138-0778-4C5C-B84D-EB66B4B0EC7A}.Release|Any CPU.Build.0 = Debug|Any CPU
		{E41D7138-0778-4C5C-B84D-EB66B4B0EC7A}.Release|x64.ActiveCfg = Debug|Any CPU
		{E41D7138-0778-4C5C-B84D-EB66B4B0EC7A}.Release|x64.Build.0 = Debug|Any CPU
		{E41D7138-0778-4C5C-B84D-EB66B4B0EC7A}.Release|x86.ActiveCfg = Debug|Any CPU
		{E41D7138-0778-4C5C-B84D-EB66B4B0EC7A}.Release|x86.Build.0 = Debug|Any CPU
		{695C6211-DA87-4A62-A3C9-A494959B9630}.Debug|Any CPU.ActiveCfg = Debug|Any CPU
		{695C6211-DA87-4A62-A3C9-A494959B9630}.Debug|Any CPU.Build.0 = Debug|Any CPU
		{695C6211-DA87-4A62-A3C9-A494959B9630}.Debug|x64.ActiveCfg = Debug|Any CPU
		{695C6211-DA87-4A62-A3C9-A494959B9630}.Debug|x64.Build.0 = Debug|Any CPU
		{695C6211-DA87-4A62-A3C9-A494959B9630}.Debug|x86.ActiveCfg = Debug|Any CPU
		{695C6211-DA87-4A62-A3C9-A494959B9630}.Debug|x86.Build.0 = Debug|Any CPU
		{695C6211-DA87-4A62-A3C9-A494959B9630}.Release|Any CPU.ActiveCfg = Release|Any CPU
		{695C6211-DA87-4A62-A3C9-A494959B9630}.Release|Any CPU.Build.0 = Release|Any CPU
		{695C6211-DA87-4A62-A3C9-A494959B9630}.Release|x64.ActiveCfg = Release|Any CPU
		{695C6211-DA87-4A62-A3C9-A494959B9630}.Release|x64.Build.0 = Release|Any CPU
		{695C6211-DA87-4A62-A3C9-A494959B9630}.Release|x86.ActiveCfg = Release|Any CPU
		{695C6211-DA87-4A62-A3C9-A494959B9630}.Release|x86.Build.0 = Release|Any CPU
		{99CA63B0-D90E-423E-AF88-B9DAE3C3B07B}.Debug|Any CPU.ActiveCfg = Debug|Any CPU
		{99CA63B0-D90E-423E-AF88-B9DAE3C3B07B}.Debug|Any CPU.Build.0 = Debug|Any CPU
		{99CA63B0-D90E-423E-AF88-B9DAE3C3B07B}.Debug|x64.ActiveCfg = Debug|Any CPU
		{99CA63B0-D90E-423E-AF88-B9DAE3C3B07B}.Debug|x64.Build.0 = Debug|Any CPU
		{99CA63B0-D90E-423E-AF88-B9DAE3C3B07B}.Debug|x86.ActiveCfg = Debug|Any CPU
		{99CA63B0-D90E-423E-AF88-B9DAE3C3B07B}.Debug|x86.Build.0 = Debug|Any CPU
		{99CA63B0-D90E-423E-AF88-B9DAE3C3B07B}.Release|Any CPU.ActiveCfg = Release|Any CPU
		{99CA63B0-D90E-423E-AF88-B9DAE3C3B07B}.Release|Any CPU.Build.0 = Release|Any CPU
		{99CA63B0-D90E-423E-AF88-B9DAE3C3B07B}.Release|x64.ActiveCfg = Release|Any CPU
		{99CA63B0-D90E-423E-AF88-B9DAE3C3B07B}.Release|x64.Build.0 = Release|Any CPU
		{99CA63B0-D90E-423E-AF88-B9DAE3C3B07B}.Release|x86.ActiveCfg = Release|Any CPU
		{99CA63B0-D90E-423E-AF88-B9DAE3C3B07B}.Release|x86.Build.0 = Release|Any CPU
		{6F7ABE39-29E9-43A1-9B33-AF7AF363465B}.Debug|Any CPU.ActiveCfg = Debug|Any CPU
		{6F7ABE39-29E9-43A1-9B33-AF7AF363465B}.Debug|Any CPU.Build.0 = Debug|Any CPU
		{6F7ABE39-29E9-43A1-9B33-AF7AF363465B}.Debug|x64.ActiveCfg = Debug|Any CPU
		{6F7ABE39-29E9-43A1-9B33-AF7AF363465B}.Debug|x64.Build.0 = Debug|Any CPU
		{6F7ABE39-29E9-43A1-9B33-AF7AF363465B}.Debug|x86.ActiveCfg = Debug|Any CPU
		{6F7ABE39-29E9-43A1-9B33-AF7AF363465B}.Debug|x86.Build.0 = Debug|Any CPU
		{6F7ABE39-29E9-43A1-9B33-AF7AF363465B}.Release|Any CPU.ActiveCfg = Release|Any CPU
		{6F7ABE39-29E9-43A1-9B33-AF7AF363465B}.Release|Any CPU.Build.0 = Release|Any CPU
		{6F7ABE39-29E9-43A1-9B33-AF7AF363465B}.Release|x64.ActiveCfg = Release|Any CPU
		{6F7ABE39-29E9-43A1-9B33-AF7AF363465B}.Release|x64.Build.0 = Release|Any CPU
		{6F7ABE39-29E9-43A1-9B33-AF7AF363465B}.Release|x86.ActiveCfg = Release|Any CPU
		{6F7ABE39-29E9-43A1-9B33-AF7AF363465B}.Release|x86.Build.0 = Release|Any CPU
		{299BB32E-9C73-49E8-9E11-3FBC4C1D0E13}.Debug|Any CPU.ActiveCfg = Debug|Any CPU
		{299BB32E-9C73-49E8-9E11-3FBC4C1D0E13}.Debug|Any CPU.Build.0 = Debug|Any CPU
		{299BB32E-9C73-49E8-9E11-3FBC4C1D0E13}.Debug|x64.ActiveCfg = Debug|Any CPU
		{299BB32E-9C73-49E8-9E11-3FBC4C1D0E13}.Debug|x64.Build.0 = Debug|Any CPU
		{299BB32E-9C73-49E8-9E11-3FBC4C1D0E13}.Debug|x86.ActiveCfg = Debug|Any CPU
		{299BB32E-9C73-49E8-9E11-3FBC4C1D0E13}.Debug|x86.Build.0 = Debug|Any CPU
		{299BB32E-9C73-49E8-9E11-3FBC4C1D0E13}.Release|Any CPU.ActiveCfg = Release|Any CPU
		{299BB32E-9C73-49E8-9E11-3FBC4C1D0E13}.Release|Any CPU.Build.0 = Release|Any CPU
		{299BB32E-9C73-49E8-9E11-3FBC4C1D0E13}.Release|x64.ActiveCfg = Release|Any CPU
		{299BB32E-9C73-49E8-9E11-3FBC4C1D0E13}.Release|x64.Build.0 = Release|Any CPU
		{299BB32E-9C73-49E8-9E11-3FBC4C1D0E13}.Release|x86.ActiveCfg = Release|Any CPU
		{299BB32E-9C73-49E8-9E11-3FBC4C1D0E13}.Release|x86.Build.0 = Release|Any CPU
		{05FB42E1-98AA-4629-8A93-96091207B530}.Debug|Any CPU.ActiveCfg = Debug|Any CPU
		{05FB42E1-98AA-4629-8A93-96091207B530}.Debug|Any CPU.Build.0 = Debug|Any CPU
		{05FB42E1-98AA-4629-8A93-96091207B530}.Debug|x64.ActiveCfg = Debug|Any CPU
		{05FB42E1-98AA-4629-8A93-96091207B530}.Debug|x64.Build.0 = Debug|Any CPU
		{05FB42E1-98AA-4629-8A93-96091207B530}.Debug|x86.ActiveCfg = Debug|Any CPU
		{05FB42E1-98AA-4629-8A93-96091207B530}.Debug|x86.Build.0 = Debug|Any CPU
		{05FB42E1-98AA-4629-8A93-96091207B530}.Release|Any CPU.ActiveCfg = Release|Any CPU
		{05FB42E1-98AA-4629-8A93-96091207B530}.Release|Any CPU.Build.0 = Release|Any CPU
		{05FB42E1-98AA-4629-8A93-96091207B530}.Release|x64.ActiveCfg = Release|Any CPU
		{05FB42E1-98AA-4629-8A93-96091207B530}.Release|x64.Build.0 = Release|Any CPU
		{05FB42E1-98AA-4629-8A93-96091207B530}.Release|x86.ActiveCfg = Release|Any CPU
		{05FB42E1-98AA-4629-8A93-96091207B530}.Release|x86.Build.0 = Release|Any CPU
		{91245F0C-16FC-4E54-8C8B-4B01DD65B5EF}.Debug|Any CPU.ActiveCfg = Debug|Any CPU
		{91245F0C-16FC-4E54-8C8B-4B01DD65B5EF}.Debug|Any CPU.Build.0 = Debug|Any CPU
		{91245F0C-16FC-4E54-8C8B-4B01DD65B5EF}.Debug|x64.ActiveCfg = Debug|Any CPU
		{91245F0C-16FC-4E54-8C8B-4B01DD65B5EF}.Debug|x64.Build.0 = Debug|Any CPU
		{91245F0C-16FC-4E54-8C8B-4B01DD65B5EF}.Debug|x86.ActiveCfg = Debug|Any CPU
		{91245F0C-16FC-4E54-8C8B-4B01DD65B5EF}.Debug|x86.Build.0 = Debug|Any CPU
		{91245F0C-16FC-4E54-8C8B-4B01DD65B5EF}.Release|Any CPU.ActiveCfg = Release|Any CPU
		{91245F0C-16FC-4E54-8C8B-4B01DD65B5EF}.Release|Any CPU.Build.0 = Release|Any CPU
		{91245F0C-16FC-4E54-8C8B-4B01DD65B5EF}.Release|x64.ActiveCfg = Release|Any CPU
		{91245F0C-16FC-4E54-8C8B-4B01DD65B5EF}.Release|x64.Build.0 = Release|Any CPU
		{91245F0C-16FC-4E54-8C8B-4B01DD65B5EF}.Release|x86.ActiveCfg = Release|Any CPU
		{91245F0C-16FC-4E54-8C8B-4B01DD65B5EF}.Release|x86.Build.0 = Release|Any CPU
		{06B1FFF5-CEB1-499B-AE79-B3C59C35271D}.Debug|Any CPU.ActiveCfg = Debug|Any CPU
		{06B1FFF5-CEB1-499B-AE79-B3C59C35271D}.Debug|Any CPU.Build.0 = Debug|Any CPU
		{06B1FFF5-CEB1-499B-AE79-B3C59C35271D}.Debug|x64.ActiveCfg = Debug|Any CPU
		{06B1FFF5-CEB1-499B-AE79-B3C59C35271D}.Debug|x64.Build.0 = Debug|Any CPU
		{06B1FFF5-CEB1-499B-AE79-B3C59C35271D}.Debug|x86.ActiveCfg = Debug|Any CPU
		{06B1FFF5-CEB1-499B-AE79-B3C59C35271D}.Debug|x86.Build.0 = Debug|Any CPU
		{06B1FFF5-CEB1-499B-AE79-B3C59C35271D}.Release|Any CPU.ActiveCfg = Release|Any CPU
		{06B1FFF5-CEB1-499B-AE79-B3C59C35271D}.Release|Any CPU.Build.0 = Release|Any CPU
		{06B1FFF5-CEB1-499B-AE79-B3C59C35271D}.Release|x64.ActiveCfg = Release|Any CPU
		{06B1FFF5-CEB1-499B-AE79-B3C59C35271D}.Release|x64.Build.0 = Release|Any CPU
		{06B1FFF5-CEB1-499B-AE79-B3C59C35271D}.Release|x86.ActiveCfg = Release|Any CPU
		{06B1FFF5-CEB1-499B-AE79-B3C59C35271D}.Release|x86.Build.0 = Release|Any CPU
		{1B4CB93E-48F9-486D-B1F5-A8D69E55B0FF}.Debug|Any CPU.ActiveCfg = Debug|Any CPU
		{1B4CB93E-48F9-486D-B1F5-A8D69E55B0FF}.Debug|Any CPU.Build.0 = Debug|Any CPU
		{1B4CB93E-48F9-486D-B1F5-A8D69E55B0FF}.Debug|x64.ActiveCfg = Debug|Any CPU
		{1B4CB93E-48F9-486D-B1F5-A8D69E55B0FF}.Debug|x64.Build.0 = Debug|Any CPU
		{1B4CB93E-48F9-486D-B1F5-A8D69E55B0FF}.Debug|x86.ActiveCfg = Debug|Any CPU
		{1B4CB93E-48F9-486D-B1F5-A8D69E55B0FF}.Debug|x86.Build.0 = Debug|Any CPU
		{1B4CB93E-48F9-486D-B1F5-A8D69E55B0FF}.Release|Any CPU.ActiveCfg = Release|Any CPU
		{1B4CB93E-48F9-486D-B1F5-A8D69E55B0FF}.Release|Any CPU.Build.0 = Release|Any CPU
		{1B4CB93E-48F9-486D-B1F5-A8D69E55B0FF}.Release|x64.ActiveCfg = Release|Any CPU
		{1B4CB93E-48F9-486D-B1F5-A8D69E55B0FF}.Release|x64.Build.0 = Release|Any CPU
		{1B4CB93E-48F9-486D-B1F5-A8D69E55B0FF}.Release|x86.ActiveCfg = Release|Any CPU
		{1B4CB93E-48F9-486D-B1F5-A8D69E55B0FF}.Release|x86.Build.0 = Release|Any CPU
		{E77B9F2D-AA84-4DB8-BC1F-4DA762FC144C}.Debug|Any CPU.ActiveCfg = Debug|Any CPU
		{E77B9F2D-AA84-4DB8-BC1F-4DA762FC144C}.Debug|Any CPU.Build.0 = Debug|Any CPU
		{E77B9F2D-AA84-4DB8-BC1F-4DA762FC144C}.Debug|x64.ActiveCfg = Debug|Any CPU
		{E77B9F2D-AA84-4DB8-BC1F-4DA762FC144C}.Debug|x64.Build.0 = Debug|Any CPU
		{E77B9F2D-AA84-4DB8-BC1F-4DA762FC144C}.Debug|x86.ActiveCfg = Debug|Any CPU
		{E77B9F2D-AA84-4DB8-BC1F-4DA762FC144C}.Debug|x86.Build.0 = Debug|Any CPU
		{E77B9F2D-AA84-4DB8-BC1F-4DA762FC144C}.Release|Any CPU.ActiveCfg = Release|Any CPU
		{E77B9F2D-AA84-4DB8-BC1F-4DA762FC144C}.Release|Any CPU.Build.0 = Release|Any CPU
		{E77B9F2D-AA84-4DB8-BC1F-4DA762FC144C}.Release|x64.ActiveCfg = Release|Any CPU
		{E77B9F2D-AA84-4DB8-BC1F-4DA762FC144C}.Release|x64.Build.0 = Release|Any CPU
		{E77B9F2D-AA84-4DB8-BC1F-4DA762FC144C}.Release|x86.ActiveCfg = Release|Any CPU
		{E77B9F2D-AA84-4DB8-BC1F-4DA762FC144C}.Release|x86.Build.0 = Release|Any CPU
		{2052631E-26AF-4DFF-A707-BAC248ACA36A}.Debug|Any CPU.ActiveCfg = Debug|Any CPU
		{2052631E-26AF-4DFF-A707-BAC248ACA36A}.Debug|Any CPU.Build.0 = Debug|Any CPU
		{2052631E-26AF-4DFF-A707-BAC248ACA36A}.Debug|x64.ActiveCfg = Debug|Any CPU
		{2052631E-26AF-4DFF-A707-BAC248ACA36A}.Debug|x64.Build.0 = Debug|Any CPU
		{2052631E-26AF-4DFF-A707-BAC248ACA36A}.Debug|x86.ActiveCfg = Debug|Any CPU
		{2052631E-26AF-4DFF-A707-BAC248ACA36A}.Debug|x86.Build.0 = Debug|Any CPU
		{2052631E-26AF-4DFF-A707-BAC248ACA36A}.Release|Any CPU.ActiveCfg = Release|Any CPU
		{2052631E-26AF-4DFF-A707-BAC248ACA36A}.Release|Any CPU.Build.0 = Release|Any CPU
		{2052631E-26AF-4DFF-A707-BAC248ACA36A}.Release|x64.ActiveCfg = Release|Any CPU
		{2052631E-26AF-4DFF-A707-BAC248ACA36A}.Release|x64.Build.0 = Release|Any CPU
		{2052631E-26AF-4DFF-A707-BAC248ACA36A}.Release|x86.ActiveCfg = Release|Any CPU
		{2052631E-26AF-4DFF-A707-BAC248ACA36A}.Release|x86.Build.0 = Release|Any CPU
		{4A142199-78C6-40BC-9730-F17A8FE68AC1}.Debug|Any CPU.ActiveCfg = Debug|Any CPU
		{4A142199-78C6-40BC-9730-F17A8FE68AC1}.Debug|Any CPU.Build.0 = Debug|Any CPU
		{4A142199-78C6-40BC-9730-F17A8FE68AC1}.Debug|x64.ActiveCfg = Debug|Any CPU
		{4A142199-78C6-40BC-9730-F17A8FE68AC1}.Debug|x64.Build.0 = Debug|Any CPU
		{4A142199-78C6-40BC-9730-F17A8FE68AC1}.Debug|x86.ActiveCfg = Debug|Any CPU
		{4A142199-78C6-40BC-9730-F17A8FE68AC1}.Debug|x86.Build.0 = Debug|Any CPU
		{4A142199-78C6-40BC-9730-F17A8FE68AC1}.Release|Any CPU.ActiveCfg = Release|Any CPU
		{4A142199-78C6-40BC-9730-F17A8FE68AC1}.Release|Any CPU.Build.0 = Release|Any CPU
		{4A142199-78C6-40BC-9730-F17A8FE68AC1}.Release|x64.ActiveCfg = Release|Any CPU
		{4A142199-78C6-40BC-9730-F17A8FE68AC1}.Release|x64.Build.0 = Release|Any CPU
		{4A142199-78C6-40BC-9730-F17A8FE68AC1}.Release|x86.ActiveCfg = Release|Any CPU
		{4A142199-78C6-40BC-9730-F17A8FE68AC1}.Release|x86.Build.0 = Release|Any CPU
		{62190CC1-16B7-4EB9-850F-A88380B11D90}.Debug|Any CPU.ActiveCfg = Debug|Any CPU
		{62190CC1-16B7-4EB9-850F-A88380B11D90}.Debug|Any CPU.Build.0 = Debug|Any CPU
		{62190CC1-16B7-4EB9-850F-A88380B11D90}.Debug|x64.ActiveCfg = Debug|Any CPU
		{62190CC1-16B7-4EB9-850F-A88380B11D90}.Debug|x64.Build.0 = Debug|Any CPU
		{62190CC1-16B7-4EB9-850F-A88380B11D90}.Debug|x86.ActiveCfg = Debug|Any CPU
		{62190CC1-16B7-4EB9-850F-A88380B11D90}.Debug|x86.Build.0 = Debug|Any CPU
		{62190CC1-16B7-4EB9-850F-A88380B11D90}.Release|Any CPU.ActiveCfg = Release|Any CPU
		{62190CC1-16B7-4EB9-850F-A88380B11D90}.Release|Any CPU.Build.0 = Release|Any CPU
		{62190CC1-16B7-4EB9-850F-A88380B11D90}.Release|x64.ActiveCfg = Release|Any CPU
		{62190CC1-16B7-4EB9-850F-A88380B11D90}.Release|x64.Build.0 = Release|Any CPU
		{62190CC1-16B7-4EB9-850F-A88380B11D90}.Release|x86.ActiveCfg = Release|Any CPU
		{62190CC1-16B7-4EB9-850F-A88380B11D90}.Release|x86.Build.0 = Release|Any CPU
		{4AFA2671-305B-4DB0-979E-523C674FB7F2}.Debug|Any CPU.ActiveCfg = Debug|Any CPU
		{4AFA2671-305B-4DB0-979E-523C674FB7F2}.Debug|Any CPU.Build.0 = Debug|Any CPU
		{4AFA2671-305B-4DB0-979E-523C674FB7F2}.Debug|x64.ActiveCfg = Debug|Any CPU
		{4AFA2671-305B-4DB0-979E-523C674FB7F2}.Debug|x64.Build.0 = Debug|Any CPU
		{4AFA2671-305B-4DB0-979E-523C674FB7F2}.Debug|x86.ActiveCfg = Debug|Any CPU
		{4AFA2671-305B-4DB0-979E-523C674FB7F2}.Debug|x86.Build.0 = Debug|Any CPU
		{4AFA2671-305B-4DB0-979E-523C674FB7F2}.Release|Any CPU.ActiveCfg = Release|Any CPU
		{4AFA2671-305B-4DB0-979E-523C674FB7F2}.Release|Any CPU.Build.0 = Release|Any CPU
		{4AFA2671-305B-4DB0-979E-523C674FB7F2}.Release|x64.ActiveCfg = Release|Any CPU
		{4AFA2671-305B-4DB0-979E-523C674FB7F2}.Release|x64.Build.0 = Release|Any CPU
		{4AFA2671-305B-4DB0-979E-523C674FB7F2}.Release|x86.ActiveCfg = Release|Any CPU
		{4AFA2671-305B-4DB0-979E-523C674FB7F2}.Release|x86.Build.0 = Release|Any CPU
		{D9FE4F82-D36F-4F7C-BEBC-24AFFAA5BCD1}.Debug|Any CPU.ActiveCfg = Debug|Any CPU
		{D9FE4F82-D36F-4F7C-BEBC-24AFFAA5BCD1}.Debug|Any CPU.Build.0 = Debug|Any CPU
		{D9FE4F82-D36F-4F7C-BEBC-24AFFAA5BCD1}.Debug|x64.ActiveCfg = Debug|Any CPU
		{D9FE4F82-D36F-4F7C-BEBC-24AFFAA5BCD1}.Debug|x64.Build.0 = Debug|Any CPU
		{D9FE4F82-D36F-4F7C-BEBC-24AFFAA5BCD1}.Debug|x86.ActiveCfg = Debug|Any CPU
		{D9FE4F82-D36F-4F7C-BEBC-24AFFAA5BCD1}.Debug|x86.Build.0 = Debug|Any CPU
		{D9FE4F82-D36F-4F7C-BEBC-24AFFAA5BCD1}.Release|Any CPU.ActiveCfg = Release|Any CPU
		{D9FE4F82-D36F-4F7C-BEBC-24AFFAA5BCD1}.Release|Any CPU.Build.0 = Release|Any CPU
		{D9FE4F82-D36F-4F7C-BEBC-24AFFAA5BCD1}.Release|x64.ActiveCfg = Release|Any CPU
		{D9FE4F82-D36F-4F7C-BEBC-24AFFAA5BCD1}.Release|x64.Build.0 = Release|Any CPU
		{D9FE4F82-D36F-4F7C-BEBC-24AFFAA5BCD1}.Release|x86.ActiveCfg = Release|Any CPU
		{D9FE4F82-D36F-4F7C-BEBC-24AFFAA5BCD1}.Release|x86.Build.0 = Release|Any CPU
		{5F73972A-7B97-4DBB-83D7-8EB7BBC92A73}.Debug|Any CPU.ActiveCfg = Debug|Any CPU
		{5F73972A-7B97-4DBB-83D7-8EB7BBC92A73}.Debug|Any CPU.Build.0 = Debug|Any CPU
		{5F73972A-7B97-4DBB-83D7-8EB7BBC92A73}.Debug|x64.ActiveCfg = Debug|Any CPU
		{5F73972A-7B97-4DBB-83D7-8EB7BBC92A73}.Debug|x64.Build.0 = Debug|Any CPU
		{5F73972A-7B97-4DBB-83D7-8EB7BBC92A73}.Debug|x86.ActiveCfg = Debug|Any CPU
		{5F73972A-7B97-4DBB-83D7-8EB7BBC92A73}.Debug|x86.Build.0 = Debug|Any CPU
		{5F73972A-7B97-4DBB-83D7-8EB7BBC92A73}.Release|Any CPU.ActiveCfg = Release|Any CPU
		{5F73972A-7B97-4DBB-83D7-8EB7BBC92A73}.Release|Any CPU.Build.0 = Release|Any CPU
		{5F73972A-7B97-4DBB-83D7-8EB7BBC92A73}.Release|x64.ActiveCfg = Release|Any CPU
		{5F73972A-7B97-4DBB-83D7-8EB7BBC92A73}.Release|x64.Build.0 = Release|Any CPU
		{5F73972A-7B97-4DBB-83D7-8EB7BBC92A73}.Release|x86.ActiveCfg = Release|Any CPU
		{5F73972A-7B97-4DBB-83D7-8EB7BBC92A73}.Release|x86.Build.0 = Release|Any CPU
		{D470B651-B1D4-4314-83D8-7944079DA534}.Debug|Any CPU.ActiveCfg = Debug|Any CPU
		{D470B651-B1D4-4314-83D8-7944079DA534}.Debug|Any CPU.Build.0 = Debug|Any CPU
		{D470B651-B1D4-4314-83D8-7944079DA534}.Debug|x64.ActiveCfg = Debug|Any CPU
		{D470B651-B1D4-4314-83D8-7944079DA534}.Debug|x64.Build.0 = Debug|Any CPU
		{D470B651-B1D4-4314-83D8-7944079DA534}.Debug|x86.ActiveCfg = Debug|Any CPU
		{D470B651-B1D4-4314-83D8-7944079DA534}.Debug|x86.Build.0 = Debug|Any CPU
		{D470B651-B1D4-4314-83D8-7944079DA534}.Release|Any CPU.ActiveCfg = Release|Any CPU
		{D470B651-B1D4-4314-83D8-7944079DA534}.Release|Any CPU.Build.0 = Release|Any CPU
		{D470B651-B1D4-4314-83D8-7944079DA534}.Release|x64.ActiveCfg = Release|Any CPU
		{D470B651-B1D4-4314-83D8-7944079DA534}.Release|x64.Build.0 = Release|Any CPU
		{D470B651-B1D4-4314-83D8-7944079DA534}.Release|x86.ActiveCfg = Release|Any CPU
		{D470B651-B1D4-4314-83D8-7944079DA534}.Release|x86.Build.0 = Release|Any CPU
		{C9E39B1B-D923-44E1-9CE7-C42C95461786}.Debug|Any CPU.ActiveCfg = Debug|Any CPU
		{C9E39B1B-D923-44E1-9CE7-C42C95461786}.Debug|Any CPU.Build.0 = Debug|Any CPU
		{C9E39B1B-D923-44E1-9CE7-C42C95461786}.Debug|x64.ActiveCfg = Debug|Any CPU
		{C9E39B1B-D923-44E1-9CE7-C42C95461786}.Debug|x64.Build.0 = Debug|Any CPU
		{C9E39B1B-D923-44E1-9CE7-C42C95461786}.Debug|x86.ActiveCfg = Debug|Any CPU
		{C9E39B1B-D923-44E1-9CE7-C42C95461786}.Debug|x86.Build.0 = Debug|Any CPU
		{C9E39B1B-D923-44E1-9CE7-C42C95461786}.Release|Any CPU.ActiveCfg = Release|Any CPU
		{C9E39B1B-D923-44E1-9CE7-C42C95461786}.Release|Any CPU.Build.0 = Release|Any CPU
		{C9E39B1B-D923-44E1-9CE7-C42C95461786}.Release|x64.ActiveCfg = Release|Any CPU
		{C9E39B1B-D923-44E1-9CE7-C42C95461786}.Release|x64.Build.0 = Release|Any CPU
		{C9E39B1B-D923-44E1-9CE7-C42C95461786}.Release|x86.ActiveCfg = Release|Any CPU
		{C9E39B1B-D923-44E1-9CE7-C42C95461786}.Release|x86.Build.0 = Release|Any CPU
		{216A7585-D16B-404A-97BC-3B958B2717D1}.Debug|Any CPU.ActiveCfg = Debug|Any CPU
		{216A7585-D16B-404A-97BC-3B958B2717D1}.Debug|Any CPU.Build.0 = Debug|Any CPU
		{216A7585-D16B-404A-97BC-3B958B2717D1}.Debug|x64.ActiveCfg = Debug|Any CPU
		{216A7585-D16B-404A-97BC-3B958B2717D1}.Debug|x64.Build.0 = Debug|Any CPU
		{216A7585-D16B-404A-97BC-3B958B2717D1}.Debug|x86.ActiveCfg = Debug|Any CPU
		{216A7585-D16B-404A-97BC-3B958B2717D1}.Debug|x86.Build.0 = Debug|Any CPU
		{216A7585-D16B-404A-97BC-3B958B2717D1}.Release|Any CPU.ActiveCfg = Release|Any CPU
		{216A7585-D16B-404A-97BC-3B958B2717D1}.Release|Any CPU.Build.0 = Release|Any CPU
		{216A7585-D16B-404A-97BC-3B958B2717D1}.Release|x64.ActiveCfg = Release|Any CPU
		{216A7585-D16B-404A-97BC-3B958B2717D1}.Release|x64.Build.0 = Release|Any CPU
		{216A7585-D16B-404A-97BC-3B958B2717D1}.Release|x86.ActiveCfg = Release|Any CPU
		{216A7585-D16B-404A-97BC-3B958B2717D1}.Release|x86.Build.0 = Release|Any CPU
		{34128DC8-916D-4168-974C-552964F84BB8}.Debug|Any CPU.ActiveCfg = Debug|Any CPU
		{34128DC8-916D-4168-974C-552964F84BB8}.Debug|Any CPU.Build.0 = Debug|Any CPU
		{34128DC8-916D-4168-974C-552964F84BB8}.Debug|x64.ActiveCfg = Debug|Any CPU
		{34128DC8-916D-4168-974C-552964F84BB8}.Debug|x64.Build.0 = Debug|Any CPU
		{34128DC8-916D-4168-974C-552964F84BB8}.Debug|x86.ActiveCfg = Debug|Any CPU
		{34128DC8-916D-4168-974C-552964F84BB8}.Debug|x86.Build.0 = Debug|Any CPU
		{34128DC8-916D-4168-974C-552964F84BB8}.Release|Any CPU.ActiveCfg = Debug|Any CPU
		{34128DC8-916D-4168-974C-552964F84BB8}.Release|Any CPU.Build.0 = Debug|Any CPU
		{34128DC8-916D-4168-974C-552964F84BB8}.Release|x64.ActiveCfg = Debug|Any CPU
		{34128DC8-916D-4168-974C-552964F84BB8}.Release|x64.Build.0 = Debug|Any CPU
		{34128DC8-916D-4168-974C-552964F84BB8}.Release|x86.ActiveCfg = Debug|Any CPU
		{34128DC8-916D-4168-974C-552964F84BB8}.Release|x86.Build.0 = Debug|Any CPU
		{499B6B89-36A5-472B-BD92-2CC3CF0A7065}.Debug|Any CPU.ActiveCfg = Debug|Any CPU
		{499B6B89-36A5-472B-BD92-2CC3CF0A7065}.Debug|Any CPU.Build.0 = Debug|Any CPU
		{499B6B89-36A5-472B-BD92-2CC3CF0A7065}.Debug|x64.ActiveCfg = Debug|Any CPU
		{499B6B89-36A5-472B-BD92-2CC3CF0A7065}.Debug|x64.Build.0 = Debug|Any CPU
		{499B6B89-36A5-472B-BD92-2CC3CF0A7065}.Debug|x86.ActiveCfg = Debug|Any CPU
		{499B6B89-36A5-472B-BD92-2CC3CF0A7065}.Debug|x86.Build.0 = Debug|Any CPU
		{499B6B89-36A5-472B-BD92-2CC3CF0A7065}.Release|Any CPU.ActiveCfg = Release|Any CPU
		{499B6B89-36A5-472B-BD92-2CC3CF0A7065}.Release|Any CPU.Build.0 = Release|Any CPU
		{499B6B89-36A5-472B-BD92-2CC3CF0A7065}.Release|x64.ActiveCfg = Release|Any CPU
		{499B6B89-36A5-472B-BD92-2CC3CF0A7065}.Release|x64.Build.0 = Release|Any CPU
		{499B6B89-36A5-472B-BD92-2CC3CF0A7065}.Release|x86.ActiveCfg = Release|Any CPU
		{499B6B89-36A5-472B-BD92-2CC3CF0A7065}.Release|x86.Build.0 = Release|Any CPU
		{5F55B841-8478-4F58-8326-7BD314D86BA1}.Debug|Any CPU.ActiveCfg = Debug|Any CPU
		{5F55B841-8478-4F58-8326-7BD314D86BA1}.Debug|Any CPU.Build.0 = Debug|Any CPU
		{5F55B841-8478-4F58-8326-7BD314D86BA1}.Debug|x64.ActiveCfg = Debug|Any CPU
		{5F55B841-8478-4F58-8326-7BD314D86BA1}.Debug|x64.Build.0 = Debug|Any CPU
		{5F55B841-8478-4F58-8326-7BD314D86BA1}.Debug|x86.ActiveCfg = Debug|Any CPU
		{5F55B841-8478-4F58-8326-7BD314D86BA1}.Debug|x86.Build.0 = Debug|Any CPU
		{5F55B841-8478-4F58-8326-7BD314D86BA1}.Release|Any CPU.ActiveCfg = Debug|Any CPU
		{5F55B841-8478-4F58-8326-7BD314D86BA1}.Release|Any CPU.Build.0 = Debug|Any CPU
		{5F55B841-8478-4F58-8326-7BD314D86BA1}.Release|x64.ActiveCfg = Debug|Any CPU
		{5F55B841-8478-4F58-8326-7BD314D86BA1}.Release|x64.Build.0 = Debug|Any CPU
		{5F55B841-8478-4F58-8326-7BD314D86BA1}.Release|x86.ActiveCfg = Debug|Any CPU
		{5F55B841-8478-4F58-8326-7BD314D86BA1}.Release|x86.Build.0 = Debug|Any CPU
		{49ACF88F-EC1D-4793-9136-E32A6EA63BC9}.Debug|Any CPU.ActiveCfg = Debug|Any CPU
		{49ACF88F-EC1D-4793-9136-E32A6EA63BC9}.Debug|Any CPU.Build.0 = Debug|Any CPU
		{49ACF88F-EC1D-4793-9136-E32A6EA63BC9}.Debug|x64.ActiveCfg = Debug|Any CPU
		{49ACF88F-EC1D-4793-9136-E32A6EA63BC9}.Debug|x64.Build.0 = Debug|Any CPU
		{49ACF88F-EC1D-4793-9136-E32A6EA63BC9}.Debug|x86.ActiveCfg = Debug|Any CPU
		{49ACF88F-EC1D-4793-9136-E32A6EA63BC9}.Debug|x86.Build.0 = Debug|Any CPU
		{49ACF88F-EC1D-4793-9136-E32A6EA63BC9}.Release|Any CPU.ActiveCfg = Release|Any CPU
		{49ACF88F-EC1D-4793-9136-E32A6EA63BC9}.Release|Any CPU.Build.0 = Release|Any CPU
		{49ACF88F-EC1D-4793-9136-E32A6EA63BC9}.Release|x64.ActiveCfg = Release|Any CPU
		{49ACF88F-EC1D-4793-9136-E32A6EA63BC9}.Release|x64.Build.0 = Release|Any CPU
		{49ACF88F-EC1D-4793-9136-E32A6EA63BC9}.Release|x86.ActiveCfg = Release|Any CPU
		{49ACF88F-EC1D-4793-9136-E32A6EA63BC9}.Release|x86.Build.0 = Release|Any CPU
		{7B2E0F3A-9C41-4D8E-A6B7-1F5C2D9E84A0}.Debug|Any CPU.ActiveCfg = Debug|Any CPU
		{7B2E0F3A-9C41-4D8E-A6B7-1F5C2D9E84A0}.Debug|Any CPU.Build.0 = Debug|Any CPU
		{7B2E0F3A-9C41-4D8E-A6B7-1F5C2D9E84A0}.Debug|x64.ActiveCfg = Debug|Any CPU
		{7B2E0F3A-9C41-4D8E-A6B7-1F5C2D9E84A0}.Debug|x64.Build.0 = Debug|Any CPU
		{7B2E0F3A-9C41-4D8E-A6B7-1F5C2D9E84A0}.Debug|x86.ActiveCfg = Debug|Any CPU
		{7B2E0F3A-9C41-4D8E-A6B7-1F5C2D9E84A0}.Debug|x86.Build.0 = Debug|Any CPU
		{7B2E0F3A-9C41-4D8E-A6B7-1F5C2D9E84A0}.Release|Any CPU.ActiveCfg = Release|Any CPU
		{7B2E0F3A-9C41-4D8E-A6B7-1F5C2D9E84A0}.Release|Any CPU.Build.0 = Release|Any CPU
		{7B2E0F3A-9C41-4D8E-A6B7-1F5C2D9E84A0}.Release|x64.ActiveCfg = Release|Any CPU
		{7B2E0F3A-9C41-4D8E-A6B7-1F5C2D9E84A0}.Release|x64.Build.0 = Release|Any CPU
		{7B2E0F3A-9C41-4D8E-A6B7-1F5C2D9E84A0}.Release|x86.ActiveCfg = Release|Any CPU
		{7B2E0F3A-9C41-4D8E-A6B7-1F5C2D9E84A0}.Release|x86.Build.0 = Release|Any CPU
		{09E19B6B-D6FA-4FF8-B81D-4C266CE9DF2C}.Debug|Any CPU.ActiveCfg = Debug|Any CPU
		{09E19B6B-D6FA-4FF8-B81D-4C266CE9DF2C}.Debug|Any CPU.Build.0 = Debug|Any CPU
		{09E19B6B-D6FA-4FF8-B81D-4C266CE9DF2C}.Debug|x64.ActiveCfg = Debug|Any CPU
		{09E19B6B-D6FA-4FF8-B81D-4C266CE9DF2C}.Debug|x64.Build.0 = Debug|Any CPU
		{09E19B6B-D6FA-4FF8-B81D-4C266CE9DF2C}.Debug|x86.ActiveCfg = Debug|Any CPU
		{09E19B6B-D6FA-4FF8-B81D-4C266CE9DF2C}.Debug|x86.Build.0 = Debug|Any CPU
		{09E19B6B-D6FA-4FF8-B81D-4C266CE9DF2C}.Release|Any CPU.ActiveCfg = Debug|Any CPU
		{09E19B6B-D6FA-4FF8-B81D-4C266CE9DF2C}.Release|Any CPU.Build.0 = Debug|Any CPU
		{09E19B6B-D6FA-4FF8-B81D-4C266CE9DF2C}.Release|x64.ActiveCfg = Debug|Any CPU
		{09E19B6B-D6FA-4FF8-B81D-4C266CE9DF2C}.Release|x64.Build.0 = Debug|Any CPU
		{09E19B6B-D6FA-4FF8-B81D-4C266CE9DF2C}.Release|x86.ActiveCfg = Debug|Any CPU
		{09E19B6B-D6FA-4FF8-B81D-4C266CE9DF2C}.Release|x86.Build.0 = Debug|Any CPU
		{CC8FDEFE-03D0-44E2-A542-B0AFFBC11029}.Debug|Any CPU.ActiveCfg = Debug|Any CPU
		{CC8FDEFE-03D0-44E2-A542-B0AFFBC11029}.Debug|Any CPU.Build.0 = Debug|Any CPU
		{CC8FDEFE-03D0-44E2-A542-B0AFFBC11029}.Debug|x64.ActiveCfg = Debug|Any CPU
		{CC8FDEFE-03D0-44E2-A542-B0AFFBC11029}.Debug|x64.Build.0 = Debug|Any CPU
		{CC8FDEFE-03D0-44E2-A542-B0AFFBC11029}.Debug|x86.ActiveCfg = Debug|Any CPU
		{CC8FDEFE-03D0-44E2-A542-B0AFFBC11029}.Debug|x86.Build.0 = Debug|Any CPU
		{CC8FDEFE-03D0-44E2-A542-B0AFFBC11029}.Release|Any CPU.ActiveCfg = Release|Any CPU
		{CC8FDEFE-03D0-44E2-A542-B0AFFBC11029}.Release|Any CPU.Build.0 = Release|Any CPU
		{CC8FDEFE-03D0-44E2-A542-B0AFFBC11029}.Release|x64.ActiveCfg = Release|Any CPU
		{CC8FDEFE-03D0-44E2-A542-B0AFFBC11029}.Release|x64.Build.0 = Release|Any CPU
		{CC8FDEFE-03D0-44E2-A542-B0AFFBC11029}.Release|x86.ActiveCfg = Release|Any CPU
		{CC8FDEFE-03D0-44E2-A542-B0AFFBC11029}.Release|x86.Build.0 = Release|Any CPU
		{69B6E386-353D-4893-995C-0CE4A97755C0}.Debug|Any CPU.ActiveCfg = Debug|Any CPU
		{69B6E386-353D-4893-995C-0CE4A97755C0}.Debug|Any CPU.Build.0 = Debug|Any CPU
		{69B6E386-353D-4893-995C-0CE4A97755C0}.Debug|x64.ActiveCfg = Debug|Any CPU
		{69B6E386-353D-4893-995C-0CE4A97755C0}.Debug|x64.Build.0 = Debug|Any CPU
		{69B6E386-353D-4893-995C-0CE4A97755C0}.Debug|x86.ActiveCfg = Debug|Any CPU
		{69B6E386-353D-4893-995C-0CE4A97755C0}.Debug|x86.Build.0 = Debug|Any CPU
		{69B6E386-353D-4893-995C-0CE4A97755C0}.Release|Any CPU.ActiveCfg = Release|Any CPU
		{69B6E386-353D-4893-995C-0CE4A97755C0}.Release|Any CPU.Build.0 = Release|Any CPU
		{69B6E386-353D-4893-995C-0CE4A97755C0}.Release|x64.ActiveCfg = Release|Any CPU
		{69B6E386-353D-4893-995C-0CE4A97755C0}.Release|x64.Build.0 = Release|Any CPU
		{69B6E386-353D-4893-995C-0CE4A97755C0}.Release|x86.ActiveCfg = Release|Any CPU
		{69B6E386-353D-4893-995C-0CE4A97755C0}.Release|x86.Build.0 = Release|Any CPU
		{80079465-8904-427F-BAB0-76EA3876933A}.Debug|Any CPU.ActiveCfg = Debug|Any CPU
		{80079465-8904-427F-BAB0-76EA3876933A}.Debug|Any CPU.Build.0 = Debug|Any CPU
		{80079465-8904-427F-BAB0-76EA3876933A}.Debug|x64.ActiveCfg = Debug|Any CPU
		{80079465-8904-427F-BAB0-76EA3876933A}.Debug|x64.Build.0 = Debug|Any CPU
		{80079465-8904-427F-BAB0-76EA3876933A}.Debug|x86.ActiveCfg = Debug|Any CPU
		{80079465-8904-427F-BAB0-76EA3876933A}.Debug|x86.Build.0 = Debug|Any CPU
		{80079465-8904-427F-BAB0-76EA3876933A}.Release|Any CPU.ActiveCfg = Release|Any CPU
		{80079465-8904-427F-BAB0-76EA3876933A}.Release|Any CPU.Build.0 = Release|Any CPU
		{80079465-8904-427F-BAB0-76EA3876933A}.Release|x64.ActiveCfg = Release|Any CPU
		{80079465-8904-427F-BAB0-76EA3876933A}.Release|x64.Build.0 = Release|Any CPU
		{80079465-8904-427F-BAB0-76EA3876933A}.Release|x86.ActiveCfg = Release|Any CPU
		{80079465-8904-427F-BAB0-76EA3876933A}.Release|x86.Build.0 = Release|Any CPU
		{42D649F4-B4C8-4432-BF5A-89D470E6A3D9}.Debug|Any CPU.ActiveCfg = Debug|Any CPU
		{42D649F4-B4C8-4432-BF5A-89D470E6A3D9}.Debug|Any CPU.Build.0 = Debug|Any CPU
		{42D649F4-B4C8-4432-BF5A-89D470E6A3D9}.Debug|x64.ActiveCfg = Debug|Any CPU
		{42D649F4-B4C8-4432-BF5A-89D470E6A3D9}.Debug|x64.Build.0 = Debug|Any CPU
		{42D649F4-B4C8-4432-BF5A-89D470E6A3D9}.Debug|x86.ActiveCfg = Debug|Any CPU
		{42D649F4-B4C8-4432-BF5A-89D470E6A3D9}.Debug|x86.Build.0 = Debug|Any CPU
		{42D649F4-B4C8-4432-BF5A-89D470E6A3D9}.Release|Any CPU.ActiveCfg = Debug|Any CPU
		{42D649F4-B4C8-4432-BF5A-89D470E6A3D9}.Release|Any CPU.Build.0 = Debug|Any CPU
		{42D649F4-B4C8-4432-BF5A-89D470E6A3D9}.Release|x64.ActiveCfg = Debug|Any CPU
		{42D649F4-B4C8-4432-BF5A-89D470E6A3D9}.Release|x64.Build.0 = Debug|Any CPU
		{42D649F4-B4C8-4432-BF5A-89D470E6A3D9}.Release|x86.ActiveCfg = Debug|Any CPU
		{42D649F4-B4C8-4432-BF5A-89D470E6A3D9}.Release|x86.Build.0 = Debug|Any CPU
		{8930A72B-28F0-43DD-AD73-5708401A27D6}.Debug|Any CPU.ActiveCfg = Debug|Any CPU
		{8930A72B-28F0-43DD-AD73-5708401A27D6}.Debug|Any CPU.Build.0 = Debug|Any CPU
		{8930A72B-28F0-43DD-AD73-5708401A27D6}.Debug|x64.ActiveCfg = Debug|Any CPU
		{8930A72B-28F0-43DD-AD73-5708401A27D6}.Debug|x64.Build.0 = Debug|Any CPU
		{8930A72B-28F0-43DD-AD73-5708401A27D6}.Debug|x86.ActiveCfg = Debug|Any CPU
		{8930A72B-28F0-43DD-AD73-5708401A27D6}.Debug|x86.Build.0 = Debug|Any CPU
		{8930A72B-28F0-43DD-AD73-5708401A27D6}.Release|Any CPU.ActiveCfg = Release|Any CPU
		{8930A72B-28F0-43DD-AD73-5708401A27D6}.Release|Any CPU.Build.0 = Release|Any CPU
		{8930A72B-28F0-43DD-AD73-5708401A27D6}.Release|x64.ActiveCfg = Release|Any CPU
		{8930A72B-28F0-43DD-AD73-5708401A27D6}.Release|x64.Build.0 = Release|Any CPU
		{8930A72B-28F0-43DD-AD73-5708401A27D6}.Release|x86.ActiveCfg = Release|Any CPU
		{8930A72B-28F0-43DD-AD73-5708401A27D6}.Release|x86.Build.0 = Release|Any CPU
	EndGlobalSection
	GlobalSection(SolutionProperties) = preSolution
		HideSolutionNode = FALSE
	EndGlobalSection
	GlobalSection(NestedProjects) = preSolution
		{AF14593F-6D71-4249-BDB2-1D3175B31D3A} = {A73F2606-6D4C-3EEE-1759-0E59DCFEF523}
		{E0B2793E-12DC-4BDD-BCE7-3500DE71CCF7} = {A73F2606-6D4C-3EEE-1759-0E59DCFEF523}
		{C7E18CA0-4F9F-4FD8-9706-52B0B1A6CF63} = {A73F2606-6D4C-3EEE-1759-0E59DCFEF523}
		{B800452A-845F-45A7-B73C-D351E4AFF9EB} = {A73F2606-6D4C-3EEE-1759-0E59DCFEF523}
		{B3D6E8B1-D4DC-483F-801D-DC9DAFC4739B} = {2F3EF1A3-B2B0-B28C-122D-FFB85167A4CE}
		{CB57B017-C257-4A4C-AAF5-0A108850C623} = {07D57EEB-2F50-60C4-C011-FE4FA775C9A8}
		{E143131F-4D98-42CD-82CF-8085F3DD5708} = {07D57EEB-2F50-60C4-C011-FE4FA775C9A8}
		{35CB66F6-7676-49C6-BCE3-CB404EFB4946} = {07D57EEB-2F50-60C4-C011-FE4FA775C9A8}
		{D9B8F0D9-DEA1-4062-A7E9-98534C16EAE4} = {07D57EEB-2F50-60C4-C011-FE4FA775C9A8}
		{5AF606B2-F7CD-44B4-8724-CAB55D4ABAEF} = {07D57EEB-2F50-60C4-C011-FE4FA775C9A8}
		{E41D7138-0778-4C5C-B84D-EB66B4B0EC7A} = {07D57EEB-2F50-60C4-C011-FE4FA775C9A8}
		{695C6211-DA87-4A62-A3C9-A494959B9630} = {07D57EEB-2F50-60C4-C011-FE4FA775C9A8}
		{99CA63B0-D90E-423E-AF88-B9DAE3C3B07B} = {0AB3BF05-4346-4AA6-1389-037BE0695223}
		{6F7ABE39-29E9-43A1-9B33-AF7AF363465B} = {0AB3BF05-4346-4AA6-1389-037BE0695223}
		{299BB32E-9C73-49E8-9E11-3FBC4C1D0E13} = {0AB3BF05-4346-4AA6-1389-037BE0695223}
		{05FB42E1-98AA-4629-8A93-96091207B530} = {0AB3BF05-4346-4AA6-1389-037BE0695223}
		{91245F0C-16FC-4E54-8C8B-4B01DD65B5EF} = {A73F2606-6D4C-3EEE-1759-0E59DCFEF523}
		{06B1FFF5-CEB1-499B-AE79-B3C59C35271D} = {A73F2606-6D4C-3EEE-1759-0E59DCFEF523}
		{1B4CB93E-48F9-486D-B1F5-A8D69E55B0FF} = {07D57EEB-2F50-60C4-C011-FE4FA775C9A8}
		{E77B9F2D-AA84-4DB8-BC1F-4DA762FC144C} = {07D57EEB-2F50-60C4-C011-FE4FA775C9A8}
		{2052631E-26AF-4DFF-A707-BAC248ACA36A} = {0AB3BF05-4346-4AA6-1389-037BE0695223}
		{4A142199-78C6-40BC-9730-F17A8FE68AC1} = {0AB3BF05-4346-4AA6-1389-037BE0695223}
		{62190CC1-16B7-4EB9-850F-A88380B11D90} = {07D57EEB-2F50-60C4-C011-FE4FA775C9A8}
		{4AFA2671-305B-4DB0-979E-523C674FB7F2} = {0AB3BF05-4346-4AA6-1389-037BE0695223}
		{D9FE4F82-D36F-4F7C-BEBC-24AFFAA5BCD1} = {07D57EEB-2F50-60C4-C011-FE4FA775C9A8}
		{5F73972A-7B97-4DBB-83D7-8EB7BBC92A73} = {07D57EEB-2F50-60C4-C011-FE4FA775C9A8}
		{D470B651-B1D4-4314-83D8-7944079DA534} = {A73F2606-6D4C-3EEE-1759-0E59DCFEF523}
		{C9E39B1B-D923-44E1-9CE7-C42C95461786} = {07D57EEB-2F50-60C4-C011-FE4FA775C9A8}
		{216A7585-D16B-404A-97BC-3B958B2717D1} = {07D57EEB-2F50-60C4-C011-FE4FA775C9A8}
		{34128DC8-916D-4168-974C-552964F84BB8} = {07D57EEB-2F50-60C4-C011-FE4FA775C9A8}
		{499B6B89-36A5-472B-BD92-2CC3CF0A7065} = {0AB3BF05-4346-4AA6-1389-037BE0695223}
		{5F55B841-8478-4F58-8326-7BD314D86BA1} = {07D57EEB-2F50-60C4-C011-FE4FA775C9A8}
		{49ACF88F-EC1D-4793-9136-E32A6EA63BC9} = {A73F2606-6D4C-3EEE-1759-0E59DCFEF523}
		{7B2E0F3A-9C41-4D8E-A6B7-1F5C2D9E84A0} = {07D57EEB-2F50-60C4-C011-FE4FA775C9A8}
		{09E19B6B-D6FA-4FF8-B81D-4C266CE9DF2C} = {07D57EEB-2F50-60C4-C011-FE4FA775C9A8}
		{CC8FDEFE-03D0-44E2-A542-B0AFFBC11029} = {0AB3BF05-4346-4AA6-1389-037BE0695223}
		{69B6E386-353D-4893-995C-0CE4A97755C0} = {A73F2606-6D4C-3EEE-1759-0E59DCFEF523}
		{80079465-8904-427F-BAB0-76EA3876933A} = {07D57EEB-2F50-60C4-C011-FE4FA775C9A8}
		{42D649F4-B4C8-4432-BF5A-89D470E6A3D9} = {07D57EEB-2F50-60C4-C011-FE4FA775C9A8}
		{8930A72B-28F0-43DD-AD73-5708401A27D6} = {0AB3BF05-4346-4AA6-1389-037BE0695223}
	EndGlobalSection
EndGlobal
